
Microsoft Visual Studio Solution File, Format Version 12.00
# Visual Studio Version 17
VisualStudioVersion = 17.14.36414.22 d17.14
MinimumVisualStudioVersion = 10.0.40219.1
Project("{FAE04EC0-301F-11D3-BF4B-00C04F79EFBC}") = "Ch7Lab", "Ch7Lab\Ch7Lab.csproj", "{27DB4140-ACA2-4AD0-94C3-4A5910DAB961}"
EndProject
Global
	GlobalSection(SolutionConfigurationPlatforms) = preSolution
		Debug|Any CPU = Debug|Any CPU
		Release|Any CPU = Release|Any CPU
	EndGlobalSection
	GlobalSection(ProjectConfigurationPlatforms) = postSolution
		{27DB4140-ACA2-4AD0-94C3-4A5910DAB961}.Debug|Any CPU.ActiveCfg = Debug|Any CPU
		{27DB4140-ACA2-4AD0-94C3-4A5910DAB961}.Debug|Any CPU.Build.0 = Debug|Any CPU
		{27DB4140-ACA2-4AD0-94C3-4A5910DAB961}.Release|Any CPU.ActiveCfg = Release|Any CPU
		{27DB4140-ACA2-4AD0-94C3-4A5910DAB961}.Release|Any CPU.Build.0 = Release|Any CPU
	EndGlobalSection
	GlobalSection(SolutionProperties) = preSolution
		HideSolutionNode = FALSE
	EndGlobalSection
	GlobalSection(ExtensibilityGlobals) = postSolution
		SolutionGuid = {7C238A2F-9358-4F83-A930-104C3476FF34}
	EndGlobalSection
EndGlobal
