
Microsoft Visual Studio Solution File, Format Version 12.00
# Visual Studio Version 17
VisualStudioVersion = 17.14.36616.10 d17.14
MinimumVisualStudioVersion = 10.0.40219.1
Project("{FAE04EC0-301F-11D3-BF4B-00C04F79EFBC}") = "StripeWebApp", "StripeWebApp\StripeWebApp.csproj", "{5A15BDD2-0BDF-4C19-BFBD-A19C2D392812}"
EndProject
Global
	GlobalSection(SolutionConfigurationPlatforms) = preSolution
		Debug|Any CPU = Debug|Any CPU
		Release|Any CPU = Release|Any CPU
	EndGlobalSection
	GlobalSection(ProjectConfigurationPlatforms) = postSolution
		{5A15BDD2-0BDF-4C19-BFBD-A19C2D392812}.Debug|Any CPU.ActiveCfg = Debug|Any CPU
		{5A15BDD2-0BDF-4C19-BFBD-A19C2D392812}.Debug|Any CPU.Build.0 = Debug|Any CPU
		{5A15BDD2-0BDF-4C19-BFBD-A19C2D392812}.Release|Any CPU.ActiveCfg = Release|Any CPU
		{5A15BDD2-0BDF-4C19-BFBD-A19C2D392812}.Release|Any CPU.Build.0 = Release|Any CPU
	EndGlobalSection
	GlobalSection(SolutionProperties) = preSolution
		HideSolutionNode = FALSE
	EndGlobalSection
	GlobalSection(ExtensibilityGlobals) = postSolution
		SolutionGuid = {E5EF9628-C0AD-4FC3-98F3-2CAC1986ED66}
	EndGlobalSection
EndGlobal
