
Microsoft Visual Studio Solution File, Format Version 12.00
# Visual Studio Version 17
VisualStudioVersion = 17.14.36616.10 d17.14
MinimumVisualStudioVersion = 10.0.40219.1
Project("{FAE04EC0-301F-11D3-BF4B-00C04F79EFBC}") = "HungryOClockV2", "HungryOClockV2\HungryOClockV2.csproj", "{9F21CFAB-9F21-4447-968F-23C25A959C01}"
EndProject
Global
	GlobalSection(SolutionConfigurationPlatforms) = preSolution
		Debug|Any CPU = Debug|Any CPU
		Release|Any CPU = Release|Any CPU
	EndGlobalSection
	GlobalSection(ProjectConfigurationPlatforms) = postSolution
		{9F21CFAB-9F21-4447-968F-23C25A959C01}.Debug|Any CPU.ActiveCfg = Debug|Any CPU
		{9F21CFAB-9F21-4447-968F-23C25A959C01}.Debug|Any CPU.Build.0 = Debug|Any CPU
		{9F21CFAB-9F21-4447-968F-23C25A959C01}.Release|Any CPU.ActiveCfg = Release|Any CPU
		{9F21CFAB-9F21-4447-968F-23C25A959C01}.Release|Any CPU.Build.0 = Release|Any CPU
	EndGlobalSection
	GlobalSection(SolutionProperties) = preSolution
		HideSolutionNode = FALSE
	EndGlobalSection
	GlobalSection(ExtensibilityGlobals) = postSolution
		SolutionGuid = {86DCB0E1-B112-43F2-AF60-4F769C6F733C}
	EndGlobalSection
EndGlobal
