
Microsoft Visual Studio Solution File, Format Version 12.00
# Visual Studio Version 17
VisualStudioVersion = 17.14.36414.22 d17.14
MinimumVisualStudioVersion = 10.0.40219.1
Project("{FAE04EC0-301F-11D3-BF4B-00C04F79EFBC}") = "FinalProjectHome", "FinalProjectHome\FinalProjectHome.csproj", "{F62D5236-036F-40E1-97AD-692C225DA92F}"
EndProject
Global
	GlobalSection(SolutionConfigurationPlatforms) = preSolution
		Debug|Any CPU = Debug|Any CPU
		Release|Any CPU = Release|Any CPU
	EndGlobalSection
	GlobalSection(ProjectConfigurationPlatforms) = postSolution
		{F62D5236-036F-40E1-97AD-692C225DA92F}.Debug|Any CPU.ActiveCfg = Debug|Any CPU
		{F62D5236-036F-40E1-97AD-692C225DA92F}.Debug|Any CPU.Build.0 = Debug|Any CPU
		{F62D5236-036F-40E1-97AD-692C225DA92F}.Release|Any CPU.ActiveCfg = Release|Any CPU
		{F62D5236-036F-40E1-97AD-692C225DA92F}.Release|Any CPU.Build.0 = Release|Any CPU
	EndGlobalSection
	GlobalSection(SolutionProperties) = preSolution
		HideSolutionNode = FALSE
	EndGlobalSection
	GlobalSection(ExtensibilityGlobals) = postSolution
		SolutionGuid = {803BDED3-6BF6-477A-9B54-6D3197773AE6}
	EndGlobalSection
EndGlobal
