
Microsoft Visual Studio Solution File, Format Version 12.00
# Visual Studio Version 17
VisualStudioVersion = 17.14.36414.22 d17.14
MinimumVisualStudioVersion = 10.0.40219.1
Project("{FAE04EC0-301F-11D3-BF4B-00C04F79EFBC}") = "Ch3Lab", "Ch3Lab\Ch3Lab.csproj", "{B8D87215-09BC-4B12-A52E-6B7473A336B7}"
EndProject
Global
	GlobalSection(SolutionConfigurationPlatforms) = preSolution
		Debug|Any CPU = Debug|Any CPU
		Release|Any CPU = Release|Any CPU
	EndGlobalSection
	GlobalSection(ProjectConfigurationPlatforms) = postSolution
		{B8D87215-09BC-4B12-A52E-6B7473A336B7}.Debug|Any CPU.ActiveCfg = Debug|Any CPU
		{B8D87215-09BC-4B12-A52E-6B7473A336B7}.Debug|Any CPU.Build.0 = Debug|Any CPU
		{B8D87215-09BC-4B12-A52E-6B7473A336B7}.Release|Any CPU.ActiveCfg = Release|Any CPU
		{B8D87215-09BC-4B12-A52E-6B7473A336B7}.Release|Any CPU.Build.0 = Release|Any CPU
	EndGlobalSection
	GlobalSection(SolutionProperties) = preSolution
		HideSolutionNode = FALSE
	EndGlobalSection
	GlobalSection(ExtensibilityGlobals) = postSolution
		SolutionGuid = {5DEB2A1F-90B8-4547-97F8-D23D8AB1CE7D}
	EndGlobalSection
EndGlobal
